
Microsoft Visual Studio Solution File, Format Version 12.00
# Visual Studio 14
VisualStudioVersion = 14.0.25420.1
MinimumVisualStudioVersion = 10.0.40219.1
Project("{FAE04EC0-301F-11D3-BF4B-00C04F79EFBC}") = "ControleFrota", "ControleFrota\ControleFrota.csproj", "{E727C194-C997-43BE-9C04-4AE4DD6199D5}"
EndProject
Project("{FAE04EC0-301F-11D3-BF4B-00C04F79EFBC}") = "DAL", "DAL\DAL.csproj", "{C49C5674-902D-4927-9641-8DC462151E6A}"
EndProject
Project("{FAE04EC0-301F-11D3-BF4B-00C04F79EFBC}") = "BLL", "BLL\BLL.csproj", "{100AF422-6372-4193-B975-16CB607C1C22}"
EndProject
Global
	GlobalSection(SolutionConfigurationPlatforms) = preSolution
		Debug|Any CPU = Debug|Any CPU
		Release|Any CPU = Release|Any CPU
	EndGlobalSection
	GlobalSection(ProjectConfigurationPlatforms) = postSolution
		{E727C194-C997-43BE-9C04-4AE4DD6199D5}.Debug|Any CPU.ActiveCfg = Debug|Any CPU
		{E727C194-C997-43BE-9C04-4AE4DD6199D5}.Debug|Any CPU.Build.0 = Debug|Any CPU
		{E727C194-C997-43BE-9C04-4AE4DD6199D5}.Release|Any CPU.ActiveCfg = Release|Any CPU
		{E727C194-C997-43BE-9C04-4AE4DD6199D5}.Release|Any CPU.Build.0 = Release|Any CPU
		{C49C5674-902D-4927-9641-8DC462151E6A}.Debug|Any CPU.ActiveCfg = Debug|Any CPU
		{C49C5674-902D-4927-9641-8DC462151E6A}.Debug|Any CPU.Build.0 = Debug|Any CPU
		{C49C5674-902D-4927-9641-8DC462151E6A}.Release|Any CPU.ActiveCfg = Release|Any CPU
		{C49C5674-902D-4927-9641-8DC462151E6A}.Release|Any CPU.Build.0 = Release|Any CPU
		{100AF422-6372-4193-B975-16CB607C1C22}.Debug|Any CPU.ActiveCfg = Debug|Any CPU
		{100AF422-6372-4193-B975-16CB607C1C22}.Debug|Any CPU.Build.0 = Debug|Any CPU
		{100AF422-6372-4193-B975-16CB607C1C22}.Release|Any CPU.ActiveCfg = Release|Any CPU
		{100AF422-6372-4193-B975-16CB607C1C22}.Release|Any CPU.Build.0 = Release|Any CPU
	EndGlobalSection
	GlobalSection(SolutionProperties) = preSolution
		HideSolutionNode = FALSE
	EndGlobalSection
EndGlobal
